
Microsoft Visual Studio Solution File, Format Version 12.00
# Visual Studio Version 16
VisualStudioVersion = 16.0.31613.86
MinimumVisualStudioVersion = 10.0.40219.1
Project("{FAE04EC0-301F-11D3-BF4B-00C04F79EFBC}") = "FirstProjectV1", "FirstProjectV1\FirstProjectV1.csproj", "{BA2B52B9-8D32-45A9-849F-6248E7BFA255}"
EndProject
Global
	GlobalSection(SolutionConfigurationPlatforms) = preSolution
		Debug|Any CPU = Debug|Any CPU
		Release|Any CPU = Release|Any CPU
	EndGlobalSection
	GlobalSection(ProjectConfigurationPlatforms) = postSolution
		{BA2B52B9-8D32-45A9-849F-6248E7BFA255}.Debug|Any CPU.ActiveCfg = Debug|Any CPU
		{BA2B52B9-8D32-45A9-849F-6248E7BFA255}.Debug|Any CPU.Build.0 = Debug|Any CPU
		{BA2B52B9-8D32-45A9-849F-6248E7BFA255}.Release|Any CPU.ActiveCfg = Release|Any CPU
		{BA2B52B9-8D32-45A9-849F-6248E7BFA255}.Release|Any CPU.Build.0 = Release|Any CPU
	EndGlobalSection
	GlobalSection(SolutionProperties) = preSolution
		HideSolutionNode = FALSE
	EndGlobalSection
	GlobalSection(ExtensibilityGlobals) = postSolution
		SolutionGuid = {C818E769-0826-4903-B204-E436B2E297E8}
	EndGlobalSection
EndGlobal
